PODS:
  - bbqr_dart (0.1.0):
    - Flutter
  - Flutter (1.0.0)

DEPENDENCIES:
  - bbqr_dart (from `.symlinks/plugins/bbqr_dart/ios`)
  - Flutter (from `Flutter`)

EXTERNAL SOURCES:
  bbqr_dart:
    :path: ".symlinks/plugins/bbqr_dart/ios"
  Flutter:
    :path: Flutter

SPEC CHECKSUMS:
  bbqr_dart: 925ace19e2cbdffd78747deef77b27d85fdc3d34
  Flutter: e0871f40cf51350855a761d2e70bf5af5b9b5de7

PODFILE CHECKSUM: 819463e6a0290f5a72f145ba7cde16e8b6ef0796

COCOAPODS: 1.15.2
